
Microsoft Visual Studio Solution File, Format Version 12.00
# Visual Studio Version 17
VisualStudioVersion = 17.3.32922.545
MinimumVisualStudioVersion = 10.0.40219.1
Project("{FAE04EC0-301F-11D3-BF4B-00C04F79EFBC}") = "ödev", "ödev\ödev.csproj", "{95CA6D66-122F-4479-AEB3-A504A16D07CC}"
EndProject
Global
	GlobalSection(SolutionConfigurationPlatforms) = preSolution
		Debug|Any CPU = Debug|Any CPU
		Release|Any CPU = Release|Any CPU
	EndGlobalSection
	GlobalSection(ProjectConfigurationPlatforms) = postSolution
		{95CA6D66-122F-4479-AEB3-A504A16D07CC}.Debug|Any CPU.ActiveCfg = Debug|Any CPU
		{95CA6D66-122F-4479-AEB3-A504A16D07CC}.Debug|Any CPU.Build.0 = Debug|Any CPU
		{95CA6D66-122F-4479-AEB3-A504A16D07CC}.Release|Any CPU.ActiveCfg = Release|Any CPU
		{95CA6D66-122F-4479-AEB3-A504A16D07CC}.Release|Any CPU.Build.0 = Release|Any CPU
	EndGlobalSection
	GlobalSection(SolutionProperties) = preSolution
		HideSolutionNode = FALSE
	EndGlobalSection
	GlobalSection(ExtensibilityGlobals) = postSolution
		SolutionGuid = {FD02ED05-BD81-4F66-BC00-4A400CE0633D}
	EndGlobalSection
EndGlobal
